
Microsoft Visual Studio Solution File, Format Version 11.00
# Visual Studio 2010
Project("{FAE04EC0-301F-11D3-BF4B-00C04F79EFBC}") = "WebForm123", "WebForm123\WebForm123.csproj", "{39D07ED8-8E1C-499F-8175-9B6762013CC9}"
EndProject
Project("{FAE04EC0-301F-11D3-BF4B-00C04F79EFBC}") = "WebAPI123", "WebAPI123\WebAPI123.csproj", "{703E845B-CA5F-4C61-8DA8-CDF153EE2056}"
EndProject
Global
	GlobalSection(SolutionConfigurationPlatforms) = preSolution
		Debug|Any CPU = Debug|Any CPU
		Release|Any CPU = Release|Any CPU
	EndGlobalSection
	GlobalSection(ProjectConfigurationPlatforms) = postSolution
		{39D07ED8-8E1C-499F-8175-9B6762013CC9}.Debug|Any CPU.ActiveCfg = Debug|Any CPU
		{39D07ED8-8E1C-499F-8175-9B6762013CC9}.Debug|Any CPU.Build.0 = Debug|Any CPU
		{39D07ED8-8E1C-499F-8175-9B6762013CC9}.Release|Any CPU.ActiveCfg = Release|Any CPU
		{39D07ED8-8E1C-499F-8175-9B6762013CC9}.Release|Any CPU.Build.0 = Release|Any CPU
		{703E845B-CA5F-4C61-8DA8-CDF153EE2056}.Debug|Any CPU.ActiveCfg = Debug|Any CPU
		{703E845B-CA5F-4C61-8DA8-CDF153EE2056}.Debug|Any CPU.Build.0 = Debug|Any CPU
		{703E845B-CA5F-4C61-8DA8-CDF153EE2056}.Release|Any CPU.ActiveCfg = Release|Any CPU
		{703E845B-CA5F-4C61-8DA8-CDF153EE2056}.Release|Any CPU.Build.0 = Release|Any CPU
	EndGlobalSection
	GlobalSection(SolutionProperties) = preSolution
		HideSolutionNode = FALSE
	EndGlobalSection
EndGlobal
